
Microsoft Visual Studio Solution File, Format Version 12.00
# Visual Studio Version 17
VisualStudioVersion = 17.14.36414.22
MinimumVisualStudioVersion = 10.0.40219.1
Project("{2150E333-8FDC-42A3-9474-1A3956D46DE8}") = "Task0", "Task0", "{02EA681E-C7D8-13C7-8484-4AC65E1B71E8}"
EndProject
Project("{FAE04EC0-301F-11D3-BF4B-00C04F79EFBC}") = "Tyuiu.ArkhipovaMD.Sprint5.Task0.V26.Lib", "Tyuiu.ArkhipovaMD.Sprint5.Task0.V26.Lib\Tyuiu.ArkhipovaMD.Sprint5.Task0.V26.Lib.csproj", "{D1286F2E-FF56-4039-9BC6-E42026A8BEA1}"
EndProject
Project("{FAE04EC0-301F-11D3-BF4B-00C04F79EFBC}") = "Tyuiu.ArkhipovaMD.Sprint5.Task0.V26", "Tyuiu.ArkhipovaMD.Sprint5.Task0.V26\Tyuiu.ArkhipovaMD.Sprint5.Task0.V26.csproj", "{1DFEA40F-FDE4-4585-8F8F-E4D293D5EB1D}"
EndProject
Project("{FAE04EC0-301F-11D3-BF4B-00C04F79EFBC}") = "Tyuiu.ArkhipovaMD.Sprint5.Task0.V26.Test", "Tyuiu.ArkhipovaMD.Sprint5.Task0.V26.Test\Tyuiu.ArkhipovaMD.Sprint5.Task0.V26.Test.csproj", "{AE8A6F3D-4BBF-4A58-8249-FAE0698DC13A}"
EndProject
Project("{2150E333-8FDC-42A3-9474-1A3956D46DE8}") = "Task1", "Task1", "{8F3EF631-D27E-46C5-ABC8-17A5DCE3D9A8}"
EndProject
Project("{FAE04EC0-301F-11D3-BF4B-00C04F79EFBC}") = "Tyuiu.ArkhipovaMD.Sprint5.Task1.V13.Lib", "Tyuiu.ArkhipovaMD.Sprint5.Task1.V13.Lib\Tyuiu.ArkhipovaMD.Sprint5.Task1.V13.Lib.csproj", "{D12BAC45-65F2-4CE7-B30B-9BC4CB98E955}"
EndProject
Project("{FAE04EC0-301F-11D3-BF4B-00C04F79EFBC}") = "Tyuiu.ArkhipovaMD.Sprint5.Task1.V13.Test", "Tyuiu.ArkhipovaMD.Sprint5.Task1.V13.Test\Tyuiu.ArkhipovaMD.Sprint5.Task1.V13.Test.csproj", "{8528FC71-673C-4FCB-A76E-CF96E94A0648}"
EndProject
Project("{FAE04EC0-301F-11D3-BF4B-00C04F79EFBC}") = "Tyuiu.ArkhipovaMD.Sprint5.Task1.V13", "Tyuiu.ArkhipovaMD.Sprint5.Task1.V13\Tyuiu.ArkhipovaMD.Sprint5.Task1.V13.csproj", "{F4E3C222-D470-41B9-9623-121D744F5ECC}"
EndProject
Project("{2150E333-8FDC-42A3-9474-1A3956D46DE8}") = "Task2", "Task2", "{FF34040D-B9DF-4930-85AF-FF2999C98A67}"
EndProject
Project("{FAE04EC0-301F-11D3-BF4B-00C04F79EFBC}") = "Tyuiu.ArkhipovaMD.Sprint5.Task2.V7.Lib", "Tyuiu.ArkhipovaMD.Sprint5.Task2.V7.Lib\Tyuiu.ArkhipovaMD.Sprint5.Task2.V7.Lib.csproj", "{EDD93020-B6A2-46F4-BA9C-8318F7EADAA7}"
EndProject
Project("{FAE04EC0-301F-11D3-BF4B-00C04F79EFBC}") = "Tyuiu.ArkhipovaMD.Sprint5.Task2.V7", "Tyuiu.ArkhipovaMD.Sprint5.Task2.V7\Tyuiu.ArkhipovaMD.Sprint5.Task2.V7.csproj", "{E0773153-410E-4A42-A485-F01EA91D949F}"
EndProject
Project("{FAE04EC0-301F-11D3-BF4B-00C04F79EFBC}") = "Tyuiu.ArkhipovaMD.Sprint5.Task2.V7.Test", "Tyuiu.ArkhipovaMD.Sprint5.Task2.V7.Test\Tyuiu.ArkhipovaMD.Sprint5.Task2.V7.Test.csproj", "{54203F9C-8495-4973-BB20-2EAEF80C29A8}"
EndProject
Project("{2150E333-8FDC-42A3-9474-1A3956D46DE8}") = "Task3", "Task3", "{F14C622E-0B9C-40AC-827C-2887613B37FD}"
EndProject
Project("{FAE04EC0-301F-11D3-BF4B-00C04F79EFBC}") = "Tyuiu.ArkhipovaMD.Sprint5.Task3.V10.Lib", "Tyuiu.ArkhipovaMD.Sprint5.Task3.V10.Lib\Tyuiu.ArkhipovaMD.Sprint5.Task3.V10.Lib.csproj", "{94CD313D-6568-4709-8515-17489DB1B74D}"
EndProject
Project("{FAE04EC0-301F-11D3-BF4B-00C04F79EFBC}") = "Tyuiu.ArkhipovaMD.Sprint5.Task3.V10.Test", "Tyuiu.ArkhipovaMD.Sprint5.Task3.V10.Test\Tyuiu.ArkhipovaMD.Sprint5.Task3.V10.Test.csproj", "{B5473B06-ECA7-45C5-BE23-A075B03A8F53}"
EndProject
Project("{FAE04EC0-301F-11D3-BF4B-00C04F79EFBC}") = "Tyuiu.ArkhipovaMD.Sprint5.Task3.V10", "Tyuiu.ArkhipovaMD.Sprint5.Task3.V10\Tyuiu.ArkhipovaMD.Sprint5.Task3.V10.csproj", "{CBF6D085-C875-49EA-ADE3-C4C345CB737D}"
EndProject
Global
	GlobalSection(SolutionConfigurationPlatforms) = preSolution
		Debug|Any CPU = Debug|Any CPU
		Release|Any CPU = Release|Any CPU
	EndGlobalSection
	GlobalSection(ProjectConfigurationPlatforms) = postSolution
		{D1286F2E-FF56-4039-9BC6-E42026A8BEA1}.Debug|Any CPU.ActiveCfg = Debug|Any CPU
		{D1286F2E-FF56-4039-9BC6-E42026A8BEA1}.Debug|Any CPU.Build.0 = Debug|Any CPU
		{D1286F2E-FF56-4039-9BC6-E42026A8BEA1}.Release|Any CPU.ActiveCfg = Release|Any CPU
		{D1286F2E-FF56-4039-9BC6-E42026A8BEA1}.Release|Any CPU.Build.0 = Release|Any CPU
		{1DFEA40F-FDE4-4585-8F8F-E4D293D5EB1D}.Debug|Any CPU.ActiveCfg = Debug|Any CPU
		{1DFEA40F-FDE4-4585-8F8F-E4D293D5EB1D}.Debug|Any CPU.Build.0 = Debug|Any CPU
		{1DFEA40F-FDE4-4585-8F8F-E4D293D5EB1D}.Release|Any CPU.ActiveCfg = Release|Any CPU
		{1DFEA40F-FDE4-4585-8F8F-E4D293D5EB1D}.Release|Any CPU.Build.0 = Release|Any CPU
		{AE8A6F3D-4BBF-4A58-8249-FAE0698DC13A}.Debug|Any CPU.ActiveCfg = Debug|Any CPU
		{AE8A6F3D-4BBF-4A58-8249-FAE0698DC13A}.Debug|Any CPU.Build.0 = Debug|Any CPU
		{AE8A6F3D-4BBF-4A58-8249-FAE0698DC13A}.Release|Any CPU.ActiveCfg = Release|Any CPU
		{AE8A6F3D-4BBF-4A58-8249-FAE0698DC13A}.Release|Any CPU.Build.0 = Release|Any CPU
		{D12BAC45-65F2-4CE7-B30B-9BC4CB98E955}.Debug|Any CPU.ActiveCfg = Debug|Any CPU
		{D12BAC45-65F2-4CE7-B30B-9BC4CB98E955}.Debug|Any CPU.Build.0 = Debug|Any CPU
		{D12BAC45-65F2-4CE7-B30B-9BC4CB98E955}.Release|Any CPU.ActiveCfg = Release|Any CPU
		{D12BAC45-65F2-4CE7-B30B-9BC4CB98E955}.Release|Any CPU.Build.0 = Release|Any CPU
		{8528FC71-673C-4FCB-A76E-CF96E94A0648}.Debug|Any CPU.ActiveCfg = Debug|Any CPU
		{8528FC71-673C-4FCB-A76E-CF96E94A0648}.Debug|Any CPU.Build.0 = Debug|Any CPU
		{8528FC71-673C-4FCB-A76E-CF96E94A0648}.Release|Any CPU.ActiveCfg = Release|Any CPU
		{8528FC71-673C-4FCB-A76E-CF96E94A0648}.Release|Any CPU.Build.0 = Release|Any CPU
		{F4E3C222-D470-41B9-9623-121D744F5ECC}.Debug|Any CPU.ActiveCfg = Debug|Any CPU
		{F4E3C222-D470-41B9-9623-121D744F5ECC}.Debug|Any CPU.Build.0 = Debug|Any CPU
		{F4E3C222-D470-41B9-9623-121D744F5ECC}.Release|Any CPU.ActiveCfg = Release|Any CPU
		{F4E3C222-D470-41B9-9623-121D744F5ECC}.Release|Any CPU.Build.0 = Release|Any CPU
		{EDD93020-B6A2-46F4-BA9C-8318F7EADAA7}.Debug|Any CPU.ActiveCfg = Debug|Any CPU
		{EDD93020-B6A2-46F4-BA9C-8318F7EADAA7}.Debug|Any CPU.Build.0 = Debug|Any CPU
		{EDD93020-B6A2-46F4-BA9C-8318F7EADAA7}.Release|Any CPU.ActiveCfg = Release|Any CPU
		{EDD93020-B6A2-46F4-BA9C-8318F7EADAA7}.Release|Any CPU.Build.0 = Release|Any CPU
		{E0773153-410E-4A42-A485-F01EA91D949F}.Debug|Any CPU.ActiveCfg = Debug|Any CPU
		{E0773153-410E-4A42-A485-F01EA91D949F}.Debug|Any CPU.Build.0 = Debug|Any CPU
		{E0773153-410E-4A42-A485-F01EA91D949F}.Release|Any CPU.ActiveCfg = Release|Any CPU
		{E0773153-410E-4A42-A485-F01EA91D949F}.Release|Any CPU.Build.0 = Release|Any CPU
		{54203F9C-8495-4973-BB20-2EAEF80C29A8}.Debug|Any CPU.ActiveCfg = Debug|Any CPU
		{54203F9C-8495-4973-BB20-2EAEF80C29A8}.Debug|Any CPU.Build.0 = Debug|Any CPU
		{54203F9C-8495-4973-BB20-2EAEF80C29A8}.Release|Any CPU.ActiveCfg = Release|Any CPU
		{54203F9C-8495-4973-BB20-2EAEF80C29A8}.Release|Any CPU.Build.0 = Release|Any CPU
		{94CD313D-6568-4709-8515-17489DB1B74D}.Debug|Any CPU.ActiveCfg = Debug|Any CPU
		{94CD313D-6568-4709-8515-17489DB1B74D}.Debug|Any CPU.Build.0 = Debug|Any CPU
		{94CD313D-6568-4709-8515-17489DB1B74D}.Release|Any CPU.ActiveCfg = Release|Any CPU
		{94CD313D-6568-4709-8515-17489DB1B74D}.Release|Any CPU.Build.0 = Release|Any CPU
		{B5473B06-ECA7-45C5-BE23-A075B03A8F53}.Debug|Any CPU.ActiveCfg = Debug|Any CPU
		{B5473B06-ECA7-45C5-BE23-A075B03A8F53}.Debug|Any CPU.Build.0 = Debug|Any CPU
		{B5473B06-ECA7-45C5-BE23-A075B03A8F53}.Release|Any CPU.ActiveCfg = Release|Any CPU
		{B5473B06-ECA7-45C5-BE23-A075B03A8F53}.Release|Any CPU.Build.0 = Release|Any CPU
		{CBF6D085-C875-49EA-ADE3-C4C345CB737D}.Debug|Any CPU.ActiveCfg = Debug|Any CPU
		{CBF6D085-C875-49EA-ADE3-C4C345CB737D}.Debug|Any CPU.Build.0 = Debug|Any CPU
		{CBF6D085-C875-49EA-ADE3-C4C345CB737D}.Release|Any CPU.ActiveCfg = Release|Any CPU
		{CBF6D085-C875-49EA-ADE3-C4C345CB737D}.Release|Any CPU.Build.0 = Release|Any CPU
	EndGlobalSection
	GlobalSection(SolutionProperties) = preSolution
		HideSolutionNode = FALSE
	EndGlobalSection
	GlobalSection(NestedProjects) = preSolution
		{D1286F2E-FF56-4039-9BC6-E42026A8BEA1} = {02EA681E-C7D8-13C7-8484-4AC65E1B71E8}
		{1DFEA40F-FDE4-4585-8F8F-E4D293D5EB1D} = {02EA681E-C7D8-13C7-8484-4AC65E1B71E8}
		{AE8A6F3D-4BBF-4A58-8249-FAE0698DC13A} = {02EA681E-C7D8-13C7-8484-4AC65E1B71E8}
		{D12BAC45-65F2-4CE7-B30B-9BC4CB98E955} = {8F3EF631-D27E-46C5-ABC8-17A5DCE3D9A8}
		{8528FC71-673C-4FCB-A76E-CF96E94A0648} = {8F3EF631-D27E-46C5-ABC8-17A5DCE3D9A8}
		{F4E3C222-D470-41B9-9623-121D744F5ECC} = {8F3EF631-D27E-46C5-ABC8-17A5DCE3D9A8}
		{EDD93020-B6A2-46F4-BA9C-8318F7EADAA7} = {FF34040D-B9DF-4930-85AF-FF2999C98A67}
		{E0773153-410E-4A42-A485-F01EA91D949F} = {FF34040D-B9DF-4930-85AF-FF2999C98A67}
		{54203F9C-8495-4973-BB20-2EAEF80C29A8} = {FF34040D-B9DF-4930-85AF-FF2999C98A67}
		{94CD313D-6568-4709-8515-17489DB1B74D} = {F14C622E-0B9C-40AC-827C-2887613B37FD}
		{B5473B06-ECA7-45C5-BE23-A075B03A8F53} = {F14C622E-0B9C-40AC-827C-2887613B37FD}
		{CBF6D085-C875-49EA-ADE3-C4C345CB737D} = {F14C622E-0B9C-40AC-827C-2887613B37FD}
	EndGlobalSection
	GlobalSection(ExtensibilityGlobals) = postSolution
		SolutionGuid = {AEB398BA-2F55-413F-9BCB-D0BC6AD6519D}
	EndGlobalSection
EndGlobal
